{
  "name": "flaxdy",
  "version": "0.0.2",
  "lockfileVersion": 2,
  "requires": true,
  "packages": {
    "": {
      "name": "flaxdy",
      "version": "0.0.2",
      "license": "MIT",
      "dependencies": {
        "flaxdy": "^0.0.2"
      }
    },
    "node_modules/flaxdy": {
      "version": "0.0.2",
      "resolved": "https://registry.npmjs.org/flaxdy/-/flaxdy-0.0.2.tgz",
      "integrity": "sha512-bw3LAlGUBhDxqAYiZEwNXp/ou8DglAHoqlKh1MC97gt4Lyvitced3N5R4u7Gj/4xEBfiqh98ApSzQcae6z1UMg=="
    }
  },
  "dependencies": {
    "flaxdy": {
      "version": "0.0.2",
      "resolved": "https://registry.npmjs.org/flaxdy/-/flaxdy-0.0.2.tgz",
      "integrity": "sha512-bw3LAlGUBhDxqAYiZEwNXp/ou8DglAHoqlKh1MC97gt4Lyvitced3N5R4u7Gj/4xEBfiqh98ApSzQcae6z1UMg=="
    }
  }
}
